
Microsoft Visual Studio Solution File, Format Version 12.00
# Visual Studio 14
VisualStudioVersion = 14.0.25420.1
MinimumVisualStudioVersion = 10.0.40219.1
Project("{DA7A21FA-8162-4350-AD77-A8D1B671F3ED}") = "Lotto", "Lotto.rxproj", "{1AC6BF91-9597-4A94-BE65-0BCE0B7D56B0}"
EndProject
Global
	GlobalSection(SolutionConfigurationPlatforms) = preSolution
		Debug|Any CPU = Debug|Any CPU
		Release|Any CPU = Release|Any CPU
	EndGlobalSection
	GlobalSection(ProjectConfigurationPlatforms) = postSolution
		{1AC6BF91-9597-4A94-BE65-0BCE0B7D56B0}.Debug|Any CPU.ActiveCfg = Debug|Any CPU
		{1AC6BF91-9597-4A94-BE65-0BCE0B7D56B0}.Debug|Any CPU.Build.0 = Debug|Any CPU
		{1AC6BF91-9597-4A94-BE65-0BCE0B7D56B0}.Release|Any CPU.ActiveCfg = Release|Any CPU
		{1AC6BF91-9597-4A94-BE65-0BCE0B7D56B0}.Release|Any CPU.Build.0 = Release|Any CPU
	EndGlobalSection
	GlobalSection(SolutionProperties) = preSolution
		HideSolutionNode = FALSE
	EndGlobalSection
EndGlobal
